// !$*UTF8*$!
{
	archiveVersion = 1;
	classes = {
	};
	objectVersion = 56;
	objects = {

/* Begin PBXBuildFile section */
		24F35A802B047E97004CB0DB /* RealityKitContent in Frameworks */ = {isa = PBXBuildFile; productRef = 24F35A7F2B047E97004CB0DB /* RealityKitContent */; };
		24F35A822B047E97004CB0DB /* The_WindowApp.swift in Sources */ = {isa = PBXBuildFile; fileRef = 24F35A812B047E97004CB0DB /* The_WindowApp.swift */; };
		24F35A842B047E97004CB0DB /* LandingPage.swift in Sources */ = {isa = PBXBuildFile; fileRef = 24F35A832B047E97004CB0DB /* LandingPage.swift */; };
		24F35A882B047E99004CB0DB /* Assets.xcassets in Resources */ = {isa = PBXBuildFile; fileRef = 24F35A872B047E99004CB0DB /* Assets.xcassets */; };
		24F35A8B2B047E99004CB0DB /* Preview Assets.xcassets in Resources */ = {isa = PBXBuildFile; fileRef = 24F35A8A2B047E99004CB0DB /* Preview Assets.xcassets */; };
		24F35A952B0496F9004CB0DB /* Router.swift in Sources */ = {isa = PBXBuildFile; fileRef = 24F35A942B0496F9004CB0DB /* Router.swift */; };
		24F35A972B049A21004CB0DB /* HomeScreen.swift in Sources */ = {isa = PBXBuildFile; fileRef = 24F35A962B049A21004CB0DB /* HomeScreen.swift */; };
/* End PBXBuildFile section */

/* Begin PBXFileReference section */
		24F35A7A2B047E97004CB0DB /* The Window.app */ = {isa = PBXFileReference; explicitFileType = wrapper.application; includeInIndex = 0; path = "The Window.app"; sourceTree = BUILT_PRODUCTS_DIR; };
		24F35A7E2B047E97004CB0DB /* RealityKitContent */ = {isa = PBXFileReference; lastKnownFileType = wrapper; path = RealityKitContent; sourceTree = "<group>"; };
		24F35A812B047E97004CB0DB /* The_WindowApp.swift */ = {isa = PBXFileReference; lastKnownFileType = sourcecode.swift; path = The_WindowApp.swift; sourceTree = "<group>"; };
		24F35A832B047E97004CB0DB /* LandingPage.swift */ = {isa = PBXFileReference; lastKnownFileType = sourcecode.swift; path = LandingPage.swift; sourceTree = "<group>"; };
		24F35A872B047E99004CB0DB /* Assets.xcassets */ = {isa = PBXFileReference; lastKnownFileType = folder.assetcatalog; path = Assets.xcassets; sourceTree = "<group>"; };
		24F35A8A2B047E99004CB0DB /* Preview Assets.xcassets */ = {isa = PBXFileReference; lastKnownFileType = folder.assetcatalog; path = "Preview Assets.xcassets"; sourceTree = "<group>"; };
		24F35A8C2B047E99004CB0DB /* Info.plist */ = {isa = PBXFileReference; lastKnownFileType = text.plist.xml; path = Info.plist; sourceTree = "<group>"; };
		24F35A942B0496F9004CB0DB /* Router.swift */ = {isa = PBXFileReference; lastKnownFileType = sourcecode.swift; path = Router.swift; sourceTree = "<group>"; };
		24F35A962B049A21004CB0DB /* HomeScreen.swift */ = {isa = PBXFileReference; lastKnownFileType = sourcecode.swift; path = HomeScreen.swift; sourceTree = "<group>"; };
/* End PBXFileReference section */

/* Begin PBXFrameworksBuildPhase section */
		24F35A772B047E97004CB0DB /* Frameworks */ = {
			isa = PBXFrameworksBuildPhase;
			buildActionMask = 2147483647;
			files = (
				24F35A802B047E97004CB0DB /* RealityKitContent in Frameworks */,
			);
			runOnlyForDeploymentPostprocessing = 0;
		};
/* End PBXFrameworksBuildPhase section */

/* Begin PBXGroup section */
		24F35A712B047E97004CB0DB = {
			isa = PBXGroup;
			children = (
				24F35A7C2B047E97004CB0DB /* The Window */,
				24F35A7D2B047E97004CB0DB /* Packages */,
				24F35A7B2B047E97004CB0DB /* Products */,
			);
			sourceTree = "<group>";
		};
		24F35A7B2B047E97004CB0DB /* Products */ = {
			isa = PBXGroup;
			children = (
				24F35A7A2B047E97004CB0DB /* The Window.app */,
			);
			name = Products;
			sourceTree = "<group>";
		};
		24F35A7C2B047E97004CB0DB /* The Window */ = {
			isa = PBXGroup;
			children = (
				24F35A812B047E97004CB0DB /* The_WindowApp.swift */,
				24F35A932B0496D1004CB0DB /* Router */,
				24F35A922B0496C1004CB0DB /* View */,
				24F35A872B047E99004CB0DB /* Assets.xcassets */,
				24F35A8C2B047E99004CB0DB /* Info.plist */,
				24F35A892B047E99004CB0DB /* Preview Content */,
			);
			path = "The Window";
			sourceTree = "<group>";
		};
		24F35A7D2B047E97004CB0DB /* Packages */ = {
			isa = PBXGroup;
			children = (
				24F35A7E2B047E97004CB0DB /* RealityKitContent */,
			);
			path = Packages;
			sourceTree = "<group>";
		};
		24F35A892B047E99004CB0DB /* Preview Content */ = {
			isa = PBXGroup;
			children = (
				24F35A8A2B047E99004CB0DB /* Preview Assets.xcassets */,
			);
			path = "Preview Content";
			sourceTree = "<group>";
		};
		24F35A922B0496C1004CB0DB /* View */ = {
			isa = PBXGroup;
			children = (
				24F35A832B047E97004CB0DB /* LandingPage.swift */,
				24F35A962B049A21004CB0DB /* HomeScreen.swift */,
			);
			path = View;
			sourceTree = "<group>";
		};
		24F35A932B0496D1004CB0DB /* Router */ = {
			isa = PBXGroup;
			children = (
				24F35A942B0496F9004CB0DB /* Router.swift */,
			);
			path = Router;
			sourceTree = "<group>";
		};
/* End PBXGroup section */

/* Begin PBXNativeTarget section */
		24F35A792B047E97004CB0DB /* The Window */ = {
			isa = PBXNativeTarget;
			buildConfigurationList = 24F35A8F2B047E99004CB0DB /* Build configuration list for PBXNativeTarget "The Window" */;
			buildPhases = (
				24F35A762B047E97004CB0DB /* Sources */,
				24F35A772B047E97004CB0DB /* Frameworks */,
				24F35A782B047E97004CB0DB /* Resources */,
			);
			buildRules = (
			);
			dependencies = (
			);
			name = "The Window";
			packageProductDependencies = (
				24F35A7F2B047E97004CB0DB /* RealityKitContent */,
			);
			productName = "The Window";
			productReference = 24F35A7A2B047E97004CB0DB /* The Window.app */;
			productType = "com.apple.product-type.application";
		};
/* End PBXNativeTarget section */

/* Begin PBXProject section */
		24F35A722B047E97004CB0DB /* Project object */ = {
			isa = PBXProject;
			attributes = {
				BuildIndependentTargetsInParallel = 1;
				LastSwiftUpdateCheck = 1510;
				LastUpgradeCheck = 1510;
				TargetAttributes = {
					24F35A792B047E97004CB0DB = {
						CreatedOnToolsVersion = 15.1;
					};
				};
			};
			buildConfigurationList = 24F35A752B047E97004CB0DB /* Build configuration list for PBXProject "The Window" */;
			compatibilityVersion = "Xcode 14.0";
			developmentRegion = en;
			hasScannedForEncodings = 0;
			knownRegions = (
				en,
				Base,
			);
			mainGroup = 24F35A712B047E97004CB0DB;
			productRefGroup = 24F35A7B2B047E97004CB0DB /* Products */;
			projectDirPath = "";
			projectRoot = "";
			targets = (
				24F35A792B047E97004CB0DB /* The Window */,
			);
		};
/* End PBXProject section */

/* Begin PBXResourcesBuildPhase section */
		24F35A782B047E97004CB0DB /* Resources */ = {
			isa = PBXResourcesBuildPhase;
			buildActionMask = 2147483647;
			files = (
				24F35A8B2B047E99004CB0DB /* Preview Assets.xcassets in Resources */,
				24F35A882B047E99004CB0DB /* Assets.xcassets in Resources */,
			);
			runOnlyForDeploymentPostprocessing = 0;
		};
/* End PBXResourcesBuildPhase section */

/* Begin PBXSourcesBuildPhase section */
		24F35A762B047E97004CB0DB /* Sources */ = {
			isa = PBXSourcesBuildPhase;
			buildActionMask = 2147483647;
			files = (
				24F35A972B049A21004CB0DB /* HomeScreen.swift in Sources */,
				24F35A842B047E97004CB0DB /* LandingPage.swift in Sources */,
				24F35A952B0496F9004CB0DB /* Router.swift in Sources */,
				24F35A822B047E97004CB0DB /* The_WindowApp.swift in Sources */,
			);
			runOnlyForDeploymentPostprocessing = 0;
		};
/* End PBXSourcesBuildPhase section */

/* Begin XCBuildConfiguration section */
		24F35A8D2B047E99004CB0DB /* Debug */ = {
			isa = XCBuildConfiguration;
			buildSettings = {
				ALWAYS_SEARCH_USER_PATHS = NO;
				ASSETCATALOG_COMPILER_GENERATE_SWIFT_ASSET_SYMBOL_EXTENSIONS = YES;
				CLANG_ANALYZER_NONNULL = YES;
				CLANG_ANALYZER_NUMBER_OBJECT_CONVERSION = YES_AGGRESSIVE;
				CLANG_CXX_LANGUAGE_STANDARD = "gnu++20";
				CLANG_ENABLE_MODULES = YES;
				CLANG_ENABLE_OBJC_ARC = YES;
				CLANG_ENABLE_OBJC_WEAK = YES;
				CLANG_WARN_BLOCK_CAPTURE_AUTORELEASING = YES;
				CLANG_WARN_BOOL_CONVERSION = YES;
				CLANG_WARN_COMMA = YES;
				CLANG_WARN_CONSTANT_CONVERSION = YES;
				CLANG_WARN_DEPRECATED_OBJC_IMPLEMENTATIONS = YES;
				CLANG_WARN_DIRECT_OBJC_ISA_USAGE = YES_ERROR;
				CLANG_WARN_DOCUMENTATION_COMMENTS = YES;
				CLANG_WARN_EMPTY_BODY = YES;
				CLANG_WARN_ENUM_CONVERSION = YES;
				CLANG_WARN_INFINITE_RECURSION = YES;
				CLANG_WARN_INT_CONVERSION = YES;
				CLANG_WARN_NON_LITERAL_NULL_CONVERSION = YES;
				CLANG_WARN_OBJC_IMPLICIT_RETAIN_SELF = YES;
				CLANG_WARN_OBJC_LITERAL_CONVERSION = YES;
				CLANG_WARN_OBJC_ROOT_CLASS = YES_ERROR;
				CLANG_WARN_QUOTED_INCLUDE_IN_FRAMEWORK_HEADER = YES;
				CLANG_WARN_RANGE_LOOP_ANALYSIS = YES;
				CLANG_WARN_STRICT_PROTOTYPES = YES;
				CLANG_WARN_SUSPICIOUS_MOVE = YES;
				CLANG_WARN_UNGUARDED_AVAILABILITY = YES_AGGRESSIVE;
				CLANG_WARN_UNREACHABLE_CODE = YES;
				CLANG_WARN__DUPLICATE_METHOD_MATCH = YES;
				COPY_PHASE_STRIP = NO;
				DEBUG_INFORMATION_FORMAT = dwarf;
				ENABLE_STRICT_OBJC_MSGSEND = YES;
				ENABLE_TESTABILITY = YES;
				ENABLE_USER_SCRIPT_SANDBOXING = YES;
				GCC_C_LANGUAGE_STANDARD = gnu17;
				GCC_DYNAMIC_NO_PIC = NO;
				GCC_NO_COMMON_BLOCKS = YES;
				GCC_OPTIMIZATION_LEVEL = 0;
				GCC_PREPROCESSOR_DEFINITIONS = (
					"DEBUG=1",
					"$(inherited)",
				);
				GCC_WARN_64_TO_32_BIT_CONVERSION = YES;
				GCC_WARN_ABOUT_RETURN_TYPE = YES_ERROR;
				GCC_WARN_UNDECLARED_SELECTOR = YES;
				GCC_WARN_UNINITIALIZED_AUTOS = YES_AGGRESSIVE;
				GCC_WARN_UNUSED_FUNCTION = YES;
				GCC_WARN_UNUSED_VARIABLE = YES;
				LOCALIZATION_PREFERS_STRING_CATALOGS = YES;
				MTL_ENABLE_DEBUG_INFO = INCLUDE_SOURCE;
				MTL_FAST_MATH = YES;
				ONLY_ACTIVE_ARCH = YES;
				SDKROOT = xros;
				SWIFT_ACTIVE_COMPILATION_CONDITIONS = "DEBUG $(inherited)";
				SWIFT_OPTIMIZATION_LEVEL = "-Onone";
				XROS_DEPLOYMENT_TARGET = 1.0;
			};
			name = Debug;
		};
		24F35A8E2B047E99004CB0DB /* Release */ = {
			isa = XCBuildConfiguration;
			buildSettings = {
				ALWAYS_SEARCH_USER_PATHS = NO;
				ASSETCATALOG_COMPILER_GENERATE_SWIFT_ASSET_SYMBOL_EXTENSIONS = YES;
				CLANG_ANALYZER_NONNULL = YES;
				CLANG_ANALYZER_NUMBER_OBJECT_CONVERSION = YES_AGGRESSIVE;
				CLANG_CXX_LANGUAGE_STANDARD = "gnu++20";
				CLANG_ENABLE_MODULES = YES;
				CLANG_ENABLE_OBJC_ARC = YES;
				CLANG_ENABLE_OBJC_WEAK = YES;
				CLANG_WARN_BLOCK_CAPTURE_AUTORELEASING = YES;
				CLANG_WARN_BOOL_CONVERSION = YES;
				CLANG_WARN_COMMA = YES;
				CLANG_WARN_CONSTANT_CONVERSION = YES;
				CLANG_WARN_DEPRECATED_OBJC_IMPLEMENTATIONS = YES;
				CLANG_WARN_DIRECT_OBJC_ISA_USAGE = YES_ERROR;
				CLANG_WARN_DOCUMENTATION_COMMENTS = YES;
				CLANG_WARN_EMPTY_BODY = YES;
				CLANG_WARN_ENUM_CONVERSION = YES;
				CLANG_WARN_INFINITE_RECURSION = YES;
				CLANG_WARN_INT_CONVERSION = YES;
				CLANG_WARN_NON_LITERAL_NULL_CONVERSION = YES;
				CLANG_WARN_OBJC_IMPLICIT_RETAIN_SELF = YES;
				CLANG_WARN_OBJC_LITERAL_CONVERSION = YES;
				CLANG_WARN_OBJC_ROOT_CLASS = YES_ERROR;
				CLANG_WARN_QUOTED_INCLUDE_IN_FRAMEWORK_HEADER = YES;
				CLANG_WARN_RANGE_LOOP_ANALYSIS = YES;
				CLANG_WARN_STRICT_PROTOTYPES = YES;
				CLANG_WARN_SUSPICIOUS_MOVE = YES;
				CLANG_WARN_UNGUARDED_AVAILABILITY = YES_AGGRESSIVE;
				CLANG_WARN_UNREACHABLE_CODE = YES;
				CLANG_WARN__DUPLICATE_METHOD_MATCH = YES;
				COPY_PHASE_STRIP = NO;
				DEBUG_INFORMATION_FORMAT = "dwarf-with-dsym";
				ENABLE_NS_ASSERTIONS = NO;
				ENABLE_STRICT_OBJC_MSGSEND = YES;
				ENABLE_USER_SCRIPT_SANDBOXING = YES;
				GCC_C_LANGUAGE_STANDARD = gnu17;
				GCC_NO_COMMON_BLOCKS = YES;
				GCC_WARN_64_TO_32_BIT_CONVERSION = YES;
				GCC_WARN_ABOUT_RETURN_TYPE = YES_ERROR;
				GCC_WARN_UNDECLARED_SELECTOR = YES;
				GCC_WARN_UNINITIALIZED_AUTOS = YES_AGGRESSIVE;
				GCC_WARN_UNUSED_FUNCTION = YES;
				GCC_WARN_UNUSED_VARIABLE = YES;
				LOCALIZATION_PREFERS_STRING_CATALOGS = YES;
				MTL_ENABLE_DEBUG_INFO = NO;
				MTL_FAST_MATH = YES;
				SDKROOT = xros;
				SWIFT_COMPILATION_MODE = wholemodule;
				VALIDATE_PRODUCT = YES;
				XROS_DEPLOYMENT_TARGET = 1.0;
			};
			name = Release;
		};
		24F35A902B047E99004CB0DB /* Debug */ = {
			isa = XCBuildConfiguration;
			buildSettings = {
				ASSETCATALOG_COMPILER_APPICON_NAME = AppIcon;
				ASSETCATALOG_COMPILER_GLOBAL_ACCENT_COLOR_NAME = AccentColor;
				CODE_SIGN_STYLE = Automatic;
				CURRENT_PROJECT_VERSION = 1;
				DEVELOPMENT_ASSET_PATHS = "\"The Window/Preview Content\"";
				DEVELOPMENT_TEAM = PH6TSH68UW;
				ENABLE_PREVIEWS = YES;
				GENERATE_INFOPLIST_FILE = YES;
				INFOPLIST_FILE = "$(TARGET_NAME)/Info.plist";
				LD_RUNPATH_SEARCH_PATHS = (
					"$(inherited)",
					"@executable_path/Frameworks",
				);
				MARKETING_VERSION = 1.0;
				PRODUCT_BUNDLE_IDENTIFIER = "com.bjit.profile.The-Window";
				PRODUCT_NAME = "$(TARGET_NAME)";
				SUPPORTED_PLATFORMS = "xros xrsimulator";
				SWIFT_EMIT_LOC_STRINGS = YES;
				SWIFT_VERSION = 5.0;
				TARGETED_DEVICE_FAMILY = "1,2,7";
			};
			name = Debug;
		};
		24F35A912B047E99004CB0DB /* Release */ = {
			isa = XCBuildConfiguration;
			buildSettings = {
				ASSETCATALOG_COMPILER_APPICON_NAME = AppIcon;
				ASSETCATALOG_COMPILER_GLOBAL_ACCENT_COLOR_NAME = AccentColor;
				CODE_SIGN_STYLE = Automatic;
				CURRENT_PROJECT_VERSION = 1;
				DEVELOPMENT_ASSET_PATHS = "\"The Window/Preview Content\"";
				DEVELOPMENT_TEAM = PH6TSH68UW;
				ENABLE_PREVIEWS = YES;
				GENERATE_INFOPLIST_FILE = YES;
				INFOPLIST_FILE = "$(TARGET_NAME)/Info.plist";
				LD_RUNPATH_SEARCH_PATHS = (
					"$(inherited)",
					"@executable_path/Frameworks",
				);
				MARKETING_VERSION = 1.0;
				PRODUCT_BUNDLE_IDENTIFIER = "com.bjit.profile.The-Window";
				PRODUCT_NAME = "$(TARGET_NAME)";
				SUPPORTED_PLATFORMS = "xros xrsimulator";
				SWIFT_EMIT_LOC_STRINGS = YES;
				SWIFT_VERSION = 5.0;
				TARGETED_DEVICE_FAMILY = "1,2,7";
			};
			name = Release;
		};
/* End XCBuildConfiguration section */

/* Begin XCConfigurationList section */
		24F35A752B047E97004CB0DB /* Build configuration list for PBXProject "The Window" */ = {
			isa = XCConfigurationList;
			buildConfigurations = (
				24F35A8D2B047E99004CB0DB /* Debug */,
				24F35A8E2B047E99004CB0DB /* Release */,
			);
			defaultConfigurationIsVisible = 0;
			defaultConfigurationName = Release;
		};
		24F35A8F2B047E99004CB0DB /* Build configuration list for PBXNativeTarget "The Window" */ = {
			isa = XCConfigurationList;
			buildConfigurations = (
				24F35A902B047E99004CB0DB /* Debug */,
				24F35A912B047E99004CB0DB /* Release */,
			);
			defaultConfigurationIsVisible = 0;
			defaultConfigurationName = Release;
		};
/* End XCConfigurationList section */

/* Begin XCSwiftPackageProductDependency section */
		24F35A7F2B047E97004CB0DB /* RealityKitContent */ = {
			isa = XCSwiftPackageProductDependency;
			productName = RealityKitContent;
		};
/* End XCSwiftPackageProductDependency section */
	};
	rootObject = 24F35A722B047E97004CB0DB /* Project object */;
}
